
Microsoft Visual Studio Solution File, Format Version 11.00
# Visual Studio 2010
# SharpDevelop 5.1
Project("{FAE04EC0-301F-11D3-BF4B-00C04F79EFBC}") = "NOC_Email", "NOC_Email\NOC_Email.csproj", "{822C9737-F0C3-49AE-81A7-3EE93776D911}"
EndProject
Global
	GlobalSection(SolutionConfigurationPlatforms) = preSolution
		Debug|Any CPU = Debug|Any CPU
		Release|Any CPU = Release|Any CPU
	EndGlobalSection
	GlobalSection(ProjectConfigurationPlatforms) = postSolution
		{822C9737-F0C3-49AE-81A7-3EE93776D911}.Debug|Any CPU.ActiveCfg = Debug|Any CPU
		{822C9737-F0C3-49AE-81A7-3EE93776D911}.Debug|Any CPU.Build.0 = Debug|Any CPU
		{822C9737-F0C3-49AE-81A7-3EE93776D911}.Release|Any CPU.ActiveCfg = Release|Any CPU
		{822C9737-F0C3-49AE-81A7-3EE93776D911}.Release|Any CPU.Build.0 = Release|Any CPU
	EndGlobalSection
EndGlobal
